<?xml version="1.0" encoding="utf-8"?>
<Project ToolsVersion="4.0" xmlns="http://schemas.microsoft.com/developer/msbuild/2003">
  <ItemGroup>
    <Filter Include="ソース ファイル">
      <UniqueIdentifier>{4FC737F1-C7A5-4376-A066-2A32D752A2FF}</UniqueIdentifier>
      <Extensions>cpp;c;cc;cxx;c++;cppm;ixx;def;odl;idl;hpj;bat;asm;asmx</Extensions>
    </Filter>
    <Filter Include="ヘッダー ファイル">
      <UniqueIdentifier>{93995380-89BD-4b04-88EB-625FBE52EBFB}</UniqueIdentifier>
      <Extensions>h;hh;hpp;hxx;h++;hm;inl;inc;ipp;xsd</Extensions>
    </Filter>
    <Filter Include="リソース ファイル">
      <UniqueIdentifier>{67DA6AB6-F800-4c08-8B7A-83BB121AAD01}</UniqueIdentifier>
      <Extensions>rc;ico;cur;bmp;dlg;rc2;rct;bin;rgs;gif;jpg;jpeg;jpe;resx;tiff;tif;png;wav;mfcribbon-ms</Extensions>
    </Filter>
    <Filter Include="Game">
      <UniqueIdentifier>{dcda6a37-b233-4695-a8d7-3aab8035063c}</UniqueIdentifier>
    </Filter>
    <Filter Include="Game\Scene">
      <UniqueIdentifier>{a47a2190-d9bf-4cb4-90cb-fd63ca9857f3}</UniqueIdentifier>
    </Filter>
    <Filter Include="Game\Scene\Factory">
      <UniqueIdentifier>{15b0a614-ebcb-4f55-b50f-18fbabed195d}</UniqueIdentifier>
    </Filter>
    <Filter Include="Game\Scene\GameScene">
      <UniqueIdentifier>{57ecc88f-e9ba-458b-8dfb-b7c3788bfd84}</UniqueIdentifier>
    </Filter>
    <Filter Include="Game\Scene\InstancingScene">
      <UniqueIdentifier>{1f28f099-fa3b-4d3d-95c0-110310ced570}</UniqueIdentifier>
    </Filter>
    <Filter Include="Game\Scene\CG3PT2">
      <UniqueIdentifier>{42e6b6ad-9cee-44e7-832f-08ff5d3a64dc}</UniqueIdentifier>
    </Filter>
    <Filter Include="Game\Scene\Empty">
      <UniqueIdentifier>{352d90bb-cc55-43d0-b199-e968f7902539}</UniqueIdentifier>
    </Filter>
    <Filter Include="Game\Scene\DepthScene">
      <UniqueIdentifier>{530a3488-5a08-450e-a0e5-1a76324cded4}</UniqueIdentifier>
    </Filter>
    <Filter Include="Game\Scene\PG3PT1">
      <UniqueIdentifier>{44b516e0-b4d5-4ca2-bc35-107c620bce15}</UniqueIdentifier>
    </Filter>
    <Filter Include="Game\Scene\CG4Task1">
      <UniqueIdentifier>{15886c4d-903c-47a4-9d77-074f3c1b4343}</UniqueIdentifier>
    </Filter>
    <Filter Include="Game\Scene\CG4Task2">
      <UniqueIdentifier>{7aabeae0-5209-458a-a0ee-0a7175f78d68}</UniqueIdentifier>
    </Filter>
    <Filter Include="Game\Scene\CG5Task1">
      <UniqueIdentifier>{8877e688-0af5-4bbb-9f61-04cb52801a6c}</UniqueIdentifier>
    </Filter>
    <Filter Include="Game\Scene\TL1Task1">
      <UniqueIdentifier>{b9c7f1db-d66c-4da3-a97c-04f9b04567f7}</UniqueIdentifier>
    </Filter>
    <Filter Include="Game\Scene\CG4Task3">
      <UniqueIdentifier>{f6186dba-1c05-4d32-a8a8-01c64b7bdf72}</UniqueIdentifier>
    </Filter>
  </ItemGroup>
  <ItemGroup>
    <ClCompile Include="main.cpp">
      <Filter>ソース ファイル</Filter>
    </ClCompile>
    <ClCompile Include="SampleProgram\SampleProgram.cpp">
      <Filter>Game</Filter>
    </ClCompile>
    <ClCompile Include="Scene\Factory\SceneFactory.cpp">
      <Filter>Game\Scene\Factory</Filter>
    </ClCompile>
    <ClCompile Include="Scene\GameScene\GameScene.cpp">
      <Filter>Game\Scene\GameScene</Filter>
    </ClCompile>
    <ClCompile Include="Scene\InstancingScene\InstancingScene.cpp">
      <Filter>Game\Scene\InstancingScene</Filter>
    </ClCompile>
    <ClCompile Include="Scene\CG3PT2\CG3PT2.cpp">
      <Filter>Game\Scene\CG3PT2</Filter>
    </ClCompile>
    <ClCompile Include="Scene\Empty\EmptyScene.cpp">
      <Filter>Game\Scene\Empty</Filter>
    </ClCompile>
    <ClCompile Include="Scene\DepthScene\DepthScene.cpp">
      <Filter>Game\Scene\DepthScene</Filter>
    </ClCompile>
    <ClCompile Include="Scene\PG3PT1\PG3PT1.cpp">
      <Filter>Game\Scene\PG3PT1</Filter>
    </ClCompile>
    <ClCompile Include="Scene\CG4Task1\CG4Task1.cpp">
      <Filter>Game\Scene\CG4Task1</Filter>
    </ClCompile>
    <ClCompile Include="Scene\CG4Task2\CG4Task2.cpp">
      <Filter>Game\Scene\CG4Task2</Filter>
    </ClCompile>
    <ClCompile Include="Scene\CG5Task1\CG5Task1.cpp">
      <Filter>Game\Scene\CG5Task1</Filter>
    </ClCompile>
    <ClCompile Include="Scene\TL1Task1\TL1Task1.cpp">
      <Filter>Game\Scene\TL1Task1</Filter>
    </ClCompile>
    <ClCompile Include="Scene\CG4Task3\CG4Task3.cpp">
      <Filter>Game\Scene\CG4Task3</Filter>
    </ClCompile>
  </ItemGroup>
  <ItemGroup>
    <ClInclude Include="SampleProgram\SampleProgram.h">
      <Filter>Game</Filter>
    </ClInclude>
    <ClInclude Include="Scene\Factory\SceneFactory.h">
      <Filter>Game\Scene\Factory</Filter>
    </ClInclude>
    <ClInclude Include="Scene\GameScene\GameScene.h">
      <Filter>Game\Scene\GameScene</Filter>
    </ClInclude>
    <ClInclude Include="Scene\InstancingScene\InstancingScene.h">
      <Filter>Game\Scene\InstancingScene</Filter>
    </ClInclude>
    <ClInclude Include="Scene\CG3PT2\CG3PT2.h">
      <Filter>Game\Scene\CG3PT2</Filter>
    </ClInclude>
    <ClInclude Include="Scene\Empty\EmptyScene.h">
      <Filter>Game\Scene\Empty</Filter>
    </ClInclude>
    <ClInclude Include="Scene\DepthScene\DepthScene.h">
      <Filter>Game\Scene\DepthScene</Filter>
    </ClInclude>
    <ClInclude Include="Scene\PG3PT1\PG3PT1.h">
      <Filter>Game\Scene\PG3PT1</Filter>
    </ClInclude>
    <ClInclude Include="Scene\CG4Task1\CG4Task1.h">
      <Filter>Game\Scene\CG4Task1</Filter>
    </ClInclude>
    <ClInclude Include="Scene\CG4Task2\CG4Task2.h">
      <Filter>Game\Scene\CG4Task2</Filter>
    </ClInclude>
    <ClInclude Include="Scene\CG5Task1\CG5Task1.h">
      <Filter>Game\Scene\CG5Task1</Filter>
    </ClInclude>
    <ClInclude Include="Scene\TL1Task1\TL1Task1.h">
      <Filter>Game\Scene\TL1Task1</Filter>
    </ClInclude>
    <ClInclude Include="Scene\CG4Task3\CG4Task3.h">
      <Filter>Game\Scene\CG4Task3</Filter>
    </ClInclude>
  </ItemGroup>
  <ItemGroup>
    <None Include="Resources\Json\.engine\config.json" />
  </ItemGroup>
</Project>